
Microsoft Visual Studio Solution File, Format Version 12.00
# Visual Studio Version 17
VisualStudioVersion = 17.0.31919.166
MinimumVisualStudioVersion = 10.0.40219.1
Project("{FAE04EC0-301F-11D3-BF4B-00C04F79EFBC}") = "StreamPisac", "StreamPisac.csproj", "{53245A1A-4F39-49FA-8DA0-A3565DD5DDE7}"
EndProject
Global
	GlobalSection(SolutionConfigurationPlatforms) = preSolution
		Debug|Any CPU = Debug|Any CPU
		Release|Any CPU = Release|Any CPU
	EndGlobalSection
	GlobalSection(ProjectConfigurationPlatforms) = postSolution
		{53245A1A-4F39-49FA-8DA0-A3565DD5DDE7}.Debug|Any CPU.ActiveCfg = Debug|Any CPU
		{53245A1A-4F39-49FA-8DA0-A3565DD5DDE7}.Debug|Any CPU.Build.0 = Debug|Any CPU
		{53245A1A-4F39-49FA-8DA0-A3565DD5DDE7}.Release|Any CPU.ActiveCfg = Release|Any CPU
		{53245A1A-4F39-49FA-8DA0-A3565DD5DDE7}.Release|Any CPU.Build.0 = Release|Any CPU
	EndGlobalSection
	GlobalSection(SolutionProperties) = preSolution
		HideSolutionNode = FALSE
	EndGlobalSection
	GlobalSection(ExtensibilityGlobals) = postSolution
		SolutionGuid = {A0C32B5B-8460-4B2C-B50C-4B80BC06EE5D}
	EndGlobalSection
EndGlobal
